// !$*UTF8*$!
{
	archiveVersion = 1;
	classes = {
	};
	objectVersion = 55;
	objects = {

/* Begin PBXBuildFile section */
		2720083B29A7E57F0052908D /* DiaryNoteEntryView.swift in Sources */ = {isa = PBXBuildFile; fileRef = 2720083629A7E4C20052908D /* DiaryNoteEntryView.swift */; };
		2720083D29A7E5830052908D /* PastDiaryEntry.swift in Sources */ = {isa = PBXBuildFile; fileRef = 2720083829A7E4C20052908D /* PastDiaryEntry.swift */; };
		2720084329A843B90052908D /* Note.swift in Sources */ = {isa = PBXBuildFile; fileRef = 2720084229A843B90052908D /* Note.swift */; };
		27525EB429B68B5100D1DF51 /* Date.swift in Sources */ = {isa = PBXBuildFile; fileRef = 2720084A29A84A980052908D /* Date.swift */; };
		27525EB529B68B5400D1DF51 /* SpotifyConfig.swift in Sources */ = {isa = PBXBuildFile; fileRef = 2761583A29A63BD4006C7AC1 /* SpotifyConfig.swift */; };
		27525EB629B68B6100D1DF51 /* BurnedView.swift in Sources */ = {isa = PBXBuildFile; fileRef = 5E9516F729AC387A0031F202 /* BurnedView.swift */; };
		27525EB729B68B7100D1DF51 /* DiaryHomeView.swift in Sources */ = {isa = PBXBuildFile; fileRef = 2720083529A7E4C20052908D /* DiaryHomeView.swift */; };
		27525EB829B68BB300D1DF51 /* Balance.swift in Sources */ = {isa = PBXBuildFile; fileRef = 653A2550283387FE005D4D48 /* Balance.swift */; };
		2761583D29A63D6E006C7AC1 /* SpotifyViewController.swift in Sources */ = {isa = PBXBuildFile; fileRef = 2761583C29A63D6E006C7AC1 /* SpotifyViewController.swift */; };
		2761584629A6448C006C7AC1 /* SceneDelegate.swift in Sources */ = {isa = PBXBuildFile; fileRef = 2761584529A6448C006C7AC1 /* SceneDelegate.swift */; };
		2761584929A6512E006C7AC1 /* SpotifyiOS in Frameworks */ = {isa = PBXBuildFile; productRef = 2761584829A6512E006C7AC1 /* SpotifyiOS */; };
		2761584B29A6548B006C7AC1 /* SpotifyView.swift in Sources */ = {isa = PBXBuildFile; fileRef = 2761584A29A6548B006C7AC1 /* SpotifyView.swift */; };
		2761584D29A654FD006C7AC1 /* Music.swift in Sources */ = {isa = PBXBuildFile; fileRef = 2761584C29A654FD006C7AC1 /* Music.swift */; };
		276222BD29B0E3E100FCB4C5 /* NoteStore.swift in Sources */ = {isa = PBXBuildFile; fileRef = 276222BC29B0E3E100FCB4C5 /* NoteStore.swift */; };
		2F49B7762980407C00BCB272 /* CardinalKit in Frameworks */ = {isa = PBXBuildFile; productRef = 2F49B7752980407B00BCB272 /* CardinalKit */; };
		2F49B7782980407C00BCB272 /* FHIR in Frameworks */ = {isa = PBXBuildFile; productRef = 2F49B7772980407C00BCB272 /* FHIR */; };
		2F49B77A2980407C00BCB272 /* HealthKitDataSource in Frameworks */ = {isa = PBXBuildFile; productRef = 2F49B7792980407C00BCB272 /* HealthKitDataSource */; };
		2F49B77C2980407C00BCB272 /* HealthKitToFHIRAdapter in Frameworks */ = {isa = PBXBuildFile; productRef = 2F49B77B2980407C00BCB272 /* HealthKitToFHIRAdapter */; };
		2F49B77E2980407C00BCB272 /* Scheduler in Frameworks */ = {isa = PBXBuildFile; productRef = 2F49B77D2980407C00BCB272 /* Scheduler */; };
		2F49B7802980418400BCB272 /* Onboarding in Frameworks */ = {isa = PBXBuildFile; productRef = 2F49B77F2980418400BCB272 /* Onboarding */; };
		2F49B7822980419C00BCB272 /* Questionnaires in Frameworks */ = {isa = PBXBuildFile; productRef = 2F49B7812980419C00BCB272 /* Questionnaires */; };
		2F49B784298041F300BCB272 /* Contact in Frameworks */ = {isa = PBXBuildFile; productRef = 2F49B783298041F300BCB272 /* Contact */; };
		2F4E23832989D51F0013F3D9 /* BalanceAppTestingSetup.swift in Sources */ = {isa = PBXBuildFile; fileRef = 2F4E23822989D51F0013F3D9 /* BalanceAppTestingSetup.swift */; };
		2F59B93D298C628800C5107F /* BalanceContacts in Frameworks */ = {isa = PBXBuildFile; productRef = 2F59B93C298C628800C5107F /* BalanceContacts */; };
		2F59B93F298C628800C5107F /* BalanceMockDataStorageProvider in Frameworks */ = {isa = PBXBuildFile; productRef = 2F59B93E298C628800C5107F /* BalanceMockDataStorageProvider */; };
		2F59B941298C628800C5107F /* BalanceOnboardingFlow in Frameworks */ = {isa = PBXBuildFile; productRef = 2F59B940298C628800C5107F /* BalanceOnboardingFlow */; };
		2F59B943298C628800C5107F /* BalanceSchedule in Frameworks */ = {isa = PBXBuildFile; productRef = 2F59B942298C628800C5107F /* BalanceSchedule */; };
		2F59B945298C628800C5107F /* BalanceSharedContext in Frameworks */ = {isa = PBXBuildFile; productRef = 2F59B944298C628800C5107F /* BalanceSharedContext */; };
		2F5E32BD297E05EA003432F8 /* BalanceAppDelegate.swift in Sources */ = {isa = PBXBuildFile; fileRef = 2F5E32BC297E05EA003432F8 /* BalanceAppDelegate.swift */; };
		2F9056EA299E2D8A003D3802 /* GoogleService-Info.plist in Resources */ = {isa = PBXBuildFile; fileRef = 2F9056E9299E2D8A003D3802 /* GoogleService-Info.plist */; };
		2F9056EF299E3180003D3802 /* FirebaseAccount in Frameworks */ = {isa = PBXBuildFile; productRef = 2F9056EE299E3180003D3802 /* FirebaseAccount */; };
		2F9056F1299E3181003D3802 /* FirestoreDataStorage in Frameworks */ = {isa = PBXBuildFile; productRef = 2F9056F0299E3181003D3802 /* FirestoreDataStorage */; };
		2F9056F3299E3181003D3802 /* FirestoreStoragePrefixUserIdAdapter in Frameworks */ = {isa = PBXBuildFile; productRef = 2F9056F2299E3181003D3802 /* FirestoreStoragePrefixUserIdAdapter */; };
		2F9056F5299E3205003D3802 /* FHIRToFirestoreAdapter in Frameworks */ = {isa = PBXBuildFile; productRef = 2F9056F4299E3205003D3802 /* FHIRToFirestoreAdapter */; };
		2F9056F8299E3267003D3802 /* XCTHealthKit in Frameworks */ = {isa = PBXBuildFile; productRef = 2F9056F7299E3267003D3802 /* XCTHealthKit */; };
		2F9056FB299E329C003D3802 /* XCTestExtensions in Frameworks */ = {isa = PBXBuildFile; productRef = 2F9056FA299E329C003D3802 /* XCTestExtensions */; };
		2FC9759F2978E39600BA99FE /* Localizable.strings in Resources */ = {isa = PBXBuildFile; fileRef = 2FC9759E2978E39600BA99FE /* Localizable.strings */; };
		2FC975A82978F11A00BA99FE /* Home.swift in Sources */ = {isa = PBXBuildFile; fileRef = 2FC975A72978F11A00BA99FE /* Home.swift */; };
		4A45C88529B3F9F2006A52A1 /* MeditationSpotifyView.swift in Sources */ = {isa = PBXBuildFile; fileRef = 4A45C88429B3F9F2006A52A1 /* MeditationSpotifyView.swift */; };
		4A45C88B29B413F4006A52A1 /* YoutubeView.swift in Sources */ = {isa = PBXBuildFile; fileRef = 4A45C88A29B413F4006A52A1 /* YoutubeView.swift */; };
		4A45C88D29B4151B006A52A1 /* SleepView.swift in Sources */ = {isa = PBXBuildFile; fileRef = 4A45C88C29B4151B006A52A1 /* SleepView.swift */; };
		4ACC786229AC0BEC0048D1D1 /* Youtube.swift in Sources */ = {isa = PBXBuildFile; fileRef = 4ACC786129AC0BEC0048D1D1 /* Youtube.swift */; };
		4ACC786429AC0C070048D1D1 /* MeditationView.swift in Sources */ = {isa = PBXBuildFile; fileRef = 4ACC786329AC0C070048D1D1 /* MeditationView.swift */; };
		5AAFCE1A29A75990006CCD66 /* LocalStorage in Frameworks */ = {isa = PBXBuildFile; productRef = 5AAFCE1929A75990006CCD66 /* LocalStorage */; };
		653A255528338800005D4D48 /* Assets.xcassets in Resources */ = {isa = PBXBuildFile; fileRef = 653A255428338800005D4D48 /* Assets.xcassets */; };
		653A256228338800005D4D48 /* BalanceTests.swift in Sources */ = {isa = PBXBuildFile; fileRef = 653A256128338800005D4D48 /* BalanceTests.swift */; };
		894A884529B7B27600CB347B /* NavigationView.swift in Sources */ = {isa = PBXBuildFile; fileRef = 894A884429B7B27600CB347B /* NavigationView.swift */; };
		896C65D429B926F000F30BA2 /* Config.swift in Sources */ = {isa = PBXBuildFile; fileRef = 896C65D329B926F000F30BA2 /* Config.swift */; };
		89EB7BAD29B45381000470FC /* FirebaseFirestore in Frameworks */ = {isa = PBXBuildFile; productRef = 2F39333629A8A5690035A05C /* FirebaseFirestore */; };
		89EB7BB129B45D2B000470FC /* HeaderMenu.swift in Sources */ = {isa = PBXBuildFile; fileRef = 89EB7BB029B45D2B000470FC /* HeaderMenu.swift */; };
		89F9619829B6646200513052 /* Feature.swift in Sources */ = {isa = PBXBuildFile; fileRef = 89F9619729B6646200513052 /* Feature.swift */; };
/* End PBXBuildFile section */

/* Begin PBXContainerItemProxy section */
		653A255E28338800005D4D48 /* PBXContainerItemProxy */ = {
			isa = PBXContainerItemProxy;
			containerPortal = 653A2545283387FE005D4D48 /* Project object */;
			proxyType = 1;
			remoteGlobalIDString = 653A254C283387FE005D4D48;
			remoteInfo = Blance;
		};
		653A256828338800005D4D48 /* PBXContainerItemProxy */ = {
			isa = PBXContainerItemProxy;
			containerPortal = 653A2545283387FE005D4D48 /* Project object */;
			proxyType = 1;
			remoteGlobalIDString = 653A254C283387FE005D4D48;
			remoteInfo = Blance;
		};
/* End PBXContainerItemProxy section */

/* Begin PBXFileReference section */
		2720083529A7E4C20052908D /* DiaryHomeView.swift */ = {isa = PBXFileReference; lastKnownFileType = sourcecode.swift; path = DiaryHomeView.swift; sourceTree = "<group>"; };
		2720083629A7E4C20052908D /* DiaryNoteEntryView.swift */ = {isa = PBXFileReference; lastKnownFileType = sourcecode.swift; path = DiaryNoteEntryView.swift; sourceTree = "<group>"; };
		2720083829A7E4C20052908D /* PastDiaryEntry.swift */ = {isa = PBXFileReference; lastKnownFileType = sourcecode.swift; path = PastDiaryEntry.swift; sourceTree = "<group>"; };
		2720084229A843B90052908D /* Note.swift */ = {isa = PBXFileReference; lastKnownFileType = sourcecode.swift; path = Note.swift; sourceTree = "<group>"; };
		2720084A29A84A980052908D /* Date.swift */ = {isa = PBXFileReference; lastKnownFileType = sourcecode.swift; path = Date.swift; sourceTree = "<group>"; };
		2761583A29A63BD4006C7AC1 /* SpotifyConfig.swift */ = {isa = PBXFileReference; lastKnownFileType = sourcecode.swift; path = SpotifyConfig.swift; sourceTree = "<group>"; };
		2761583C29A63D6E006C7AC1 /* SpotifyViewController.swift */ = {isa = PBXFileReference; lastKnownFileType = sourcecode.swift; path = SpotifyViewController.swift; sourceTree = "<group>"; };
		2761584429A64178006C7AC1 /* Balance-Bridging-Header.h */ = {isa = PBXFileReference; lastKnownFileType = sourcecode.c.h; path = "Balance-Bridging-Header.h"; sourceTree = "<group>"; };
		2761584529A6448C006C7AC1 /* SceneDelegate.swift */ = {isa = PBXFileReference; lastKnownFileType = sourcecode.swift; path = SceneDelegate.swift; sourceTree = "<group>"; };
		2761584A29A6548B006C7AC1 /* SpotifyView.swift */ = {isa = PBXFileReference; lastKnownFileType = sourcecode.swift; path = SpotifyView.swift; sourceTree = "<group>"; };
		2761584C29A654FD006C7AC1 /* Music.swift */ = {isa = PBXFileReference; lastKnownFileType = sourcecode.swift; path = Music.swift; sourceTree = "<group>"; };
		276222BC29B0E3E100FCB4C5 /* NoteStore.swift */ = {isa = PBXFileReference; lastKnownFileType = sourcecode.swift; path = NoteStore.swift; sourceTree = "<group>"; };
		2F49B77329803E8F00BCB272 /* BalanceModules */ = {isa = PBXFileReference; lastKnownFileType = wrapper; path = BalanceModules; sourceTree = "<group>"; };
		2F4E23822989D51F0013F3D9 /* BalanceAppTestingSetup.swift */ = {isa = PBXFileReference; lastKnownFileType = sourcecode.swift; path = BalanceAppTestingSetup.swift; sourceTree = "<group>"; };
		2F5E32BC297E05EA003432F8 /* BalanceAppDelegate.swift */ = {isa = PBXFileReference; lastKnownFileType = sourcecode.swift; path = BalanceAppDelegate.swift; sourceTree = "<group>"; };
		2F9056E9299E2D8A003D3802 /* GoogleService-Info.plist */ = {isa = PBXFileReference; fileEncoding = 4; lastKnownFileType = text.plist.xml; path = "GoogleService-Info.plist"; sourceTree = "<group>"; };
		2FAEC07F297F583900C11C42 /* Balance.entitlements */ = {isa = PBXFileReference; lastKnownFileType = text.plist.entitlements; path = Balance.entitlements; sourceTree = "<group>"; };
		2FC94CD4298B0A1D009C8209 /* Balance.xctestplan */ = {isa = PBXFileReference; lastKnownFileType = text; path = Balance.xctestplan; sourceTree = "<group>"; };
		2FC9759E2978E39600BA99FE /* Localizable.strings */ = {isa = PBXFileReference; lastKnownFileType = text.plist.strings; path = Localizable.strings; sourceTree = "<group>"; };
		2FC975A72978F11A00BA99FE /* Home.swift */ = {isa = PBXFileReference; lastKnownFileType = sourcecode.swift; path = Home.swift; sourceTree = "<group>"; };
		4A45C88429B3F9F2006A52A1 /* MeditationSpotifyView.swift */ = {isa = PBXFileReference; lastKnownFileType = sourcecode.swift; path = MeditationSpotifyView.swift; sourceTree = "<group>"; };
		4A45C88A29B413F4006A52A1 /* YoutubeView.swift */ = {isa = PBXFileReference; lastKnownFileType = sourcecode.swift; path = YoutubeView.swift; sourceTree = "<group>"; };
		4A45C88C29B4151B006A52A1 /* SleepView.swift */ = {isa = PBXFileReference; lastKnownFileType = sourcecode.swift; path = SleepView.swift; sourceTree = "<group>"; };
		4ACC786129AC0BEC0048D1D1 /* Youtube.swift */ = {isa = PBXFileReference; lastKnownFileType = sourcecode.swift; path = Youtube.swift; sourceTree = "<group>"; };
		4ACC786329AC0C070048D1D1 /* MeditationView.swift */ = {isa = PBXFileReference; lastKnownFileType = sourcecode.swift; path = MeditationView.swift; sourceTree = "<group>"; };
		5E9516F729AC387A0031F202 /* BurnedView.swift */ = {isa = PBXFileReference; lastKnownFileType = sourcecode.swift; path = BurnedView.swift; sourceTree = "<group>"; };
		653A254D283387FE005D4D48 /* Balance.app */ = {isa = PBXFileReference; explicitFileType = wrapper.application; includeInIndex = 0; path = Balance.app; sourceTree = BUILT_PRODUCTS_DIR; };
		653A2550283387FE005D4D48 /* Balance.swift */ = {isa = PBXFileReference; lastKnownFileType = sourcecode.swift; path = Balance.swift; sourceTree = "<group>"; };
		653A255428338800005D4D48 /* Assets.xcassets */ = {isa = PBXFileReference; lastKnownFileType = folder.assetcatalog; path = Assets.xcassets; sourceTree = "<group>"; };
		653A255D28338800005D4D48 /* BalanceTests.xctest */ = {isa = PBXFileReference; explicitFileType = wrapper.cfbundle; includeInIndex = 0; path = BalanceTests.xctest; sourceTree = BUILT_PRODUCTS_DIR; };
		653A256128338800005D4D48 /* BalanceTests.swift */ = {isa = PBXFileReference; lastKnownFileType = sourcecode.swift; path = BalanceTests.swift; sourceTree = "<group>"; };
		653A256728338800005D4D48 /* BalanceUITests.xctest */ = {isa = PBXFileReference; explicitFileType = wrapper.cfbundle; includeInIndex = 0; path = BalanceUITests.xctest; sourceTree = BUILT_PRODUCTS_DIR; };
		653A258928339462005D4D48 /* Info.plist */ = {isa = PBXFileReference; lastKnownFileType = text.plist.xml; path = Info.plist; sourceTree = "<group>"; };
		8900585629AC0DDA005339D9 /* BalanceDebug.entitlements */ = {isa = PBXFileReference; lastKnownFileType = text.plist.entitlements; path = BalanceDebug.entitlements; sourceTree = "<group>"; };
		894A884429B7B27600CB347B /* NavigationView.swift */ = {isa = PBXFileReference; lastKnownFileType = sourcecode.swift; path = NavigationView.swift; sourceTree = "<group>"; };
		896C65D329B926F000F30BA2 /* Config.swift */ = {isa = PBXFileReference; lastKnownFileType = sourcecode.swift; path = Config.swift; sourceTree = "<group>"; };
		89EB7BB029B45D2B000470FC /* HeaderMenu.swift */ = {isa = PBXFileReference; fileEncoding = 4; lastKnownFileType = sourcecode.swift; path = HeaderMenu.swift; sourceTree = "<group>"; };
		89F9619729B6646200513052 /* Feature.swift */ = {isa = PBXFileReference; lastKnownFileType = sourcecode.swift; path = Feature.swift; sourceTree = "<group>"; };
/* End PBXFileReference section */

/* Begin PBXFrameworksBuildPhase section */
		653A254A283387FE005D4D48 /* Frameworks */ = {
			isa = PBXFrameworksBuildPhase;
			buildActionMask = 2147483647;
			files = (
				89EB7BAD29B45381000470FC /* FirebaseFirestore in Frameworks */,
				2F59B941298C628800C5107F /* BalanceOnboardingFlow in Frameworks */,
				2F49B7822980419C00BCB272 /* Questionnaires in Frameworks */,
				2F49B77E2980407C00BCB272 /* Scheduler in Frameworks */,
				2F59B93F298C628800C5107F /* BalanceMockDataStorageProvider in Frameworks */,
				2F9056F1299E3181003D3802 /* FirestoreDataStorage in Frameworks */,
				2F49B77A2980407C00BCB272 /* HealthKitDataSource in Frameworks */,
				5AAFCE1A29A75990006CCD66 /* LocalStorage in Frameworks */,
				2F9056F3299E3181003D3802 /* FirestoreStoragePrefixUserIdAdapter in Frameworks */,
				2F59B945298C628800C5107F /* BalanceSharedContext in Frameworks */,
				2F49B784298041F300BCB272 /* Contact in Frameworks */,
				2F49B7782980407C00BCB272 /* FHIR in Frameworks */,
				2F49B7802980418400BCB272 /* Onboarding in Frameworks */,
				2F59B943298C628800C5107F /* BalanceSchedule in Frameworks */,
				2F49B7762980407C00BCB272 /* CardinalKit in Frameworks */,
				2F59B93D298C628800C5107F /* BalanceContacts in Frameworks */,
				2F49B77C2980407C00BCB272 /* HealthKitToFHIRAdapter in Frameworks */,
				2F9056F5299E3205003D3802 /* FHIRToFirestoreAdapter in Frameworks */,
				2761584929A6512E006C7AC1 /* SpotifyiOS in Frameworks */,
				2F9056EF299E3180003D3802 /* FirebaseAccount in Frameworks */,
			);
			runOnlyForDeploymentPostprocessing = 0;
		};
		653A255A28338800005D4D48 /* Frameworks */ = {
			isa = PBXFrameworksBuildPhase;
			buildActionMask = 2147483647;
			files = (
			);
			runOnlyForDeploymentPostprocessing = 0;
		};
		653A256428338800005D4D48 /* Frameworks */ = {
			isa = PBXFrameworksBuildPhase;
			buildActionMask = 2147483647;
			files = (
				2F9056F8299E3267003D3802 /* XCTHealthKit in Frameworks */,
				2F9056FB299E329C003D3802 /* XCTestExtensions in Frameworks */,
			);
			runOnlyForDeploymentPostprocessing = 0;
		};
/* End PBXFrameworksBuildPhase section */

/* Begin PBXGroup section */
		2720083329A7E4C20052908D /* BalanceDiaryFeature */ = {
			isa = PBXGroup;
			children = (
				276222BB29B0E3D300FCB4C5 /* Store */,
				2720084929A84A800052908D /* Extensions */,
				2720084629A844020052908D /* Views */,
				2720084129A843B00052908D /* Models */,
			);
			path = BalanceDiaryFeature;
			sourceTree = "<group>";
		};
		2720084129A843B00052908D /* Models */ = {
			isa = PBXGroup;
			children = (
				2720084229A843B90052908D /* Note.swift */,
			);
			path = Models;
			sourceTree = "<group>";
		};
		2720084629A844020052908D /* Views */ = {
			isa = PBXGroup;
			children = (
				2720083529A7E4C20052908D /* DiaryHomeView.swift */,
				2720083629A7E4C20052908D /* DiaryNoteEntryView.swift */,
				2720083829A7E4C20052908D /* PastDiaryEntry.swift */,
				5E9516F729AC387A0031F202 /* BurnedView.swift */,
			);
			path = Views;
			sourceTree = "<group>";
		};
		2720084929A84A800052908D /* Extensions */ = {
			isa = PBXGroup;
			children = (
				2720084A29A84A980052908D /* Date.swift */,
			);
			path = Extensions;
			sourceTree = "<group>";
		};
		2761584E29A662DE006C7AC1 /* Music */ = {
			isa = PBXGroup;
			children = (
				2761584C29A654FD006C7AC1 /* Music.swift */,
				2761584A29A6548B006C7AC1 /* SpotifyView.swift */,
				2761583A29A63BD4006C7AC1 /* SpotifyConfig.swift */,
				896C65D329B926F000F30BA2 /* Config.swift */,
				2761583C29A63D6E006C7AC1 /* SpotifyViewController.swift */,
			);
			path = Music;
			sourceTree = "<group>";
		};
		276222BB29B0E3D300FCB4C5 /* Store */ = {
			isa = PBXGroup;
			children = (
				276222BC29B0E3E100FCB4C5 /* NoteStore.swift */,
			);
			path = Store;
			sourceTree = "<group>";
		};
		2FC9759D2978E30800BA99FE /* Supporting Files */ = {
			isa = PBXGroup;
			children = (
				2FAEC07F297F583900C11C42 /* Balance.entitlements */,
				653A258928339462005D4D48 /* Info.plist */,
				2F9056E9299E2D8A003D3802 /* GoogleService-Info.plist */,
				653A255428338800005D4D48 /* Assets.xcassets */,
				2FC9759E2978E39600BA99FE /* Localizable.strings */,
			);
			path = "Supporting Files";
			sourceTree = "<group>";
		};
		4ACC786029AC0B590048D1D1 /* Meditation */ = {
			isa = PBXGroup;
			children = (
				4ACC786129AC0BEC0048D1D1 /* Youtube.swift */,
				4ACC786329AC0C070048D1D1 /* MeditationView.swift */,
				4A45C88429B3F9F2006A52A1 /* MeditationSpotifyView.swift */,
				4A45C88C29B4151B006A52A1 /* SleepView.swift */,
				4A45C88A29B413F4006A52A1 /* YoutubeView.swift */,
			);
			path = Meditation;
			sourceTree = "<group>";
		};
		653A2544283387FE005D4D48 = {
			isa = PBXGroup;
			children = (
				2FC94CD4298B0A1D009C8209 /* Balance.xctestplan */,
				2F49B77329803E8F00BCB272 /* BalanceModules */,
				653A254F283387FE005D4D48 /* Balance */,
				653A256028338800005D4D48 /* BalanceTests */,
				653A256A28338800005D4D48 /* BalanceUITests */,
				653A254E283387FE005D4D48 /* Products */,
				653A258B283395A7005D4D48 /* Frameworks */,
			);
			sourceTree = "<group>";
		};
		653A254E283387FE005D4D48 /* Products */ = {
			isa = PBXGroup;
			children = (
				653A254D283387FE005D4D48 /* Balance.app */,
				653A255D28338800005D4D48 /* BalanceTests.xctest */,
				653A256728338800005D4D48 /* BalanceUITests.xctest */,
			);
			name = Products;
			sourceTree = "<group>";
		};
		653A254F283387FE005D4D48 /* Balance */ = {
			isa = PBXGroup;
			children = (
				89EB7BB029B45D2B000470FC /* HeaderMenu.swift */,
				4ACC786029AC0B590048D1D1 /* Meditation */,
				2720083329A7E4C20052908D /* BalanceDiaryFeature */,
				8900585629AC0DDA005339D9 /* BalanceDebug.entitlements */,
				2761584E29A662DE006C7AC1 /* Music */,
				653A2550283387FE005D4D48 /* Balance.swift */,
				2F5E32BC297E05EA003432F8 /* BalanceAppDelegate.swift */,
				2F4E23822989D51F0013F3D9 /* BalanceAppTestingSetup.swift */,
				89F9619729B6646200513052 /* Feature.swift */,
				2FC975A72978F11A00BA99FE /* Home.swift */,
				894A884429B7B27600CB347B /* NavigationView.swift */,
				2FC9759D2978E30800BA99FE /* Supporting Files */,
				2761584429A64178006C7AC1 /* Balance-Bridging-Header.h */,
				2761584529A6448C006C7AC1 /* SceneDelegate.swift */,
			);
			path = Balance;
			sourceTree = "<group>";
		};
		653A256028338800005D4D48 /* BalanceTests */ = {
			isa = PBXGroup;
			children = (
				653A256128338800005D4D48 /* BalanceTests.swift */,
			);
			path = BalanceTests;
			sourceTree = "<group>";
		};
		653A256A28338800005D4D48 /* BalanceUITests */ = {
			isa = PBXGroup;
			children = (
			);
			path = BalanceUITests;
			sourceTree = "<group>";
		};
		653A258B283395A7005D4D48 /* Frameworks */ = {
			isa = PBXGroup;
			children = (
			);
			name = Frameworks;
			sourceTree = "<group>";
		};
/* End PBXGroup section */

/* Begin PBXNativeTarget section */
		653A254C283387FE005D4D48 /* Balance */ = {
			isa = PBXNativeTarget;
			buildConfigurationList = 653A257128338800005D4D48 /* Build configuration list for PBXNativeTarget "Balance" */;
			buildPhases = (
				653A2549283387FE005D4D48 /* Sources */,
				653A254A283387FE005D4D48 /* Frameworks */,
				653A254B283387FE005D4D48 /* Resources */,
				27525EB329B673BD00D1DF51 /* ShellScript */,
			);
			buildRules = (
			);
			dependencies = (
			);
			name = Balance;
			packageProductDependencies = (
				2F49B7752980407B00BCB272 /* CardinalKit */,
				2F49B7772980407C00BCB272 /* FHIR */,
				2F49B7792980407C00BCB272 /* HealthKitDataSource */,
				2F49B77B2980407C00BCB272 /* HealthKitToFHIRAdapter */,
				2F49B77D2980407C00BCB272 /* Scheduler */,
				2F49B77F2980418400BCB272 /* Onboarding */,
				2F49B7812980419C00BCB272 /* Questionnaires */,
				2F49B783298041F300BCB272 /* Contact */,
				2F59B93C298C628800C5107F /* BalanceContacts */,
				2F59B93E298C628800C5107F /* BalanceMockDataStorageProvider */,
				2F59B940298C628800C5107F /* BalanceOnboardingFlow */,
				2F59B942298C628800C5107F /* BalanceSchedule */,
				2F59B944298C628800C5107F /* BalanceSharedContext */,
				2F9056EE299E3180003D3802 /* FirebaseAccount */,
				2F9056F0299E3181003D3802 /* FirestoreDataStorage */,
				2F9056F2299E3181003D3802 /* FirestoreStoragePrefixUserIdAdapter */,
				2F9056F4299E3205003D3802 /* FHIRToFirestoreAdapter */,
				5AAFCE1929A75990006CCD66 /* LocalStorage */,
				2F39333629A8A5690035A05C /* FirebaseFirestore */,
				2761584829A6512E006C7AC1 /* SpotifyiOS */,
			);
			productName = TemplateApplication;
			productReference = 653A254D283387FE005D4D48 /* Balance.app */;
			productType = "com.apple.product-type.application";
		};
		653A255C28338800005D4D48 /* BalanceTests */ = {
			isa = PBXNativeTarget;
			buildConfigurationList = 653A257428338800005D4D48 /* Build configuration list for PBXNativeTarget "BalanceTests" */;
			buildPhases = (
				653A255928338800005D4D48 /* Sources */,
				653A255A28338800005D4D48 /* Frameworks */,
				653A255B28338800005D4D48 /* Resources */,
			);
			buildRules = (
			);
			dependencies = (
				653A255F28338800005D4D48 /* PBXTargetDependency */,
			);
			name = BalanceTests;
			productName = TemplateApplicationTests;
			productReference = 653A255D28338800005D4D48 /* BalanceTests.xctest */;
			productType = "com.apple.product-type.bundle.unit-test";
		};
		653A256628338800005D4D48 /* BalanceUITests */ = {
			isa = PBXNativeTarget;
			buildConfigurationList = 653A257728338800005D4D48 /* Build configuration list for PBXNativeTarget "BalanceUITests" */;
			buildPhases = (
				653A256328338800005D4D48 /* Sources */,
				653A256428338800005D4D48 /* Frameworks */,
				653A256528338800005D4D48 /* Resources */,
			);
			buildRules = (
			);
			dependencies = (
				653A256928338800005D4D48 /* PBXTargetDependency */,
			);
			name = BalanceUITests;
			packageProductDependencies = (
				2F9056F7299E3267003D3802 /* XCTHealthKit */,
				2F9056FA299E329C003D3802 /* XCTestExtensions */,
			);
			productName = TemplateApplicationUITests;
			productReference = 653A256728338800005D4D48 /* BalanceUITests.xctest */;
			productType = "com.apple.product-type.bundle.ui-testing";
		};
/* End PBXNativeTarget section */

/* Begin PBXProject section */
		653A2545283387FE005D4D48 /* Project object */ = {
			isa = PBXProject;
			attributes = {
				BuildIndependentTargetsInParallel = 1;
				LastSwiftUpdateCheck = 1340;
				LastUpgradeCheck = 1420;
				TargetAttributes = {
					653A254C283387FE005D4D48 = {
						CreatedOnToolsVersion = 13.4;
						LastSwiftMigration = 1420;
					};
					653A255C28338800005D4D48 = {
						CreatedOnToolsVersion = 13.4;
						TestTargetID = 653A254C283387FE005D4D48;
					};
					653A256628338800005D4D48 = {
						CreatedOnToolsVersion = 13.4;
						TestTargetID = 653A254C283387FE005D4D48;
					};
				};
			};
			buildConfigurationList = 653A2548283387FE005D4D48 /* Build configuration list for PBXProject "Balance" */;
			compatibilityVersion = "Xcode 13.0";
			developmentRegion = en;
			hasScannedForEncodings = 0;
			knownRegions = (
				en,
				Base,
			);
			mainGroup = 653A2544283387FE005D4D48;
			packageReferences = (
				2F49B7742980407B00BCB272 /* XCRemoteSwiftPackageReference "CardinalKit" */,
				2F9056F6299E3267003D3802 /* XCRemoteSwiftPackageReference "XCTHealthKit" */,
				2F9056F9299E329C003D3802 /* XCRemoteSwiftPackageReference "XCTestExtensions" */,
				2F39333529A8A5690035A05C /* XCRemoteSwiftPackageReference "firebase-ios-sdk" */,
				2761584729A6512E006C7AC1 /* XCRemoteSwiftPackageReference "ios-sdk" */,
			);
			productRefGroup = 653A254E283387FE005D4D48 /* Products */;
			projectDirPath = "";
			projectRoot = "";
			targets = (
				653A254C283387FE005D4D48 /* Balance */,
				653A255C28338800005D4D48 /* BalanceTests */,
				653A256628338800005D4D48 /* BalanceUITests */,
			);
		};
/* End PBXProject section */

/* Begin PBXResourcesBuildPhase section */
		653A254B283387FE005D4D48 /* Resources */ = {
			isa = PBXResourcesBuildPhase;
			buildActionMask = 2147483647;
			files = (
				653A255528338800005D4D48 /* Assets.xcassets in Resources */,
				2FC9759F2978E39600BA99FE /* Localizable.strings in Resources */,
				2F9056EA299E2D8A003D3802 /* GoogleService-Info.plist in Resources */,
			);
			runOnlyForDeploymentPostprocessing = 0;
		};
		653A255B28338800005D4D48 /* Resources */ = {
			isa = PBXResourcesBuildPhase;
			buildActionMask = 2147483647;
			files = (
			);
			runOnlyForDeploymentPostprocessing = 0;
		};
		653A256528338800005D4D48 /* Resources */ = {
			isa = PBXResourcesBuildPhase;
			buildActionMask = 2147483647;
			files = (
			);
			runOnlyForDeploymentPostprocessing = 0;
		};
/* End PBXResourcesBuildPhase section */

/* Begin PBXShellScriptBuildPhase section */
		27525EB329B673BD00D1DF51 /* ShellScript */ = {
			isa = PBXShellScriptBuildPhase;
			buildActionMask = 2147483647;
			files = (
			);
			inputFileListPaths = (
			);
			inputPaths = (
			);
			outputFileListPaths = (
			);
			outputPaths = (
			);
			runOnlyForDeploymentPostprocessing = 0;
			shellPath = /bin/sh;
			shellScript = "# Type a script or drag a script file from your workspace to insert its path.\nif which swiftlint >/dev/null; then\n    swiftlint\nelse\n    echo \"warning: Swiftlint is not installed\"\nfi\n";
		};
/* End PBXShellScriptBuildPhase section */

/* Begin PBXSourcesBuildPhase section */
		653A2549283387FE005D4D48 /* Sources */ = {
			isa = PBXSourcesBuildPhase;
			buildActionMask = 2147483647;
			files = (
				27525EB829B68BB300D1DF51 /* Balance.swift in Sources */,
				27525EB729B68B7100D1DF51 /* DiaryHomeView.swift in Sources */,
				27525EB629B68B6100D1DF51 /* BurnedView.swift in Sources */,
				27525EB529B68B5400D1DF51 /* SpotifyConfig.swift in Sources */,
				27525EB429B68B5100D1DF51 /* Date.swift in Sources */,
				2720083B29A7E57F0052908D /* DiaryNoteEntryView.swift in Sources */,
				2FC975A82978F11A00BA99FE /* Home.swift in Sources */,
				4A45C88B29B413F4006A52A1 /* YoutubeView.swift in Sources */,
				4A45C88529B3F9F2006A52A1 /* MeditationSpotifyView.swift in Sources */,
				2761584629A6448C006C7AC1 /* SceneDelegate.swift in Sources */,
				2F4E23832989D51F0013F3D9 /* BalanceAppTestingSetup.swift in Sources */,
				2720084329A843B90052908D /* Note.swift in Sources */,
				896C65D429B926F000F30BA2 /* Config.swift in Sources */,
				2F5E32BD297E05EA003432F8 /* BalanceAppDelegate.swift in Sources */,
				276222BD29B0E3E100FCB4C5 /* NoteStore.swift in Sources */,
				4ACC786429AC0C070048D1D1 /* MeditationView.swift in Sources */,
				4A45C88D29B4151B006A52A1 /* SleepView.swift in Sources */,
				4ACC786229AC0BEC0048D1D1 /* Youtube.swift in Sources */,
				2720083D29A7E5830052908D /* PastDiaryEntry.swift in Sources */,
				89F9619829B6646200513052 /* Feature.swift in Sources */,
				2761584D29A654FD006C7AC1 /* Music.swift in Sources */,
				894A884529B7B27600CB347B /* NavigationView.swift in Sources */,
				2761584B29A6548B006C7AC1 /* SpotifyView.swift in Sources */,
				89EB7BB129B45D2B000470FC /* HeaderMenu.swift in Sources */,
				2761583D29A63D6E006C7AC1 /* SpotifyViewController.swift in Sources */,
			);
			runOnlyForDeploymentPostprocessing = 0;
		};
		653A255928338800005D4D48 /* Sources */ = {
			isa = PBXSourcesBuildPhase;
			buildActionMask = 2147483647;
			files = (
				653A256228338800005D4D48 /* BalanceTests.swift in Sources */,
			);
			runOnlyForDeploymentPostprocessing = 0;
		};
		653A256328338800005D4D48 /* Sources */ = {
			isa = PBXSourcesBuildPhase;
			buildActionMask = 2147483647;
			files = (
			);
			runOnlyForDeploymentPostprocessing = 0;
		};
/* End PBXSourcesBuildPhase section */

/* Begin PBXTargetDependency section */
		653A255F28338800005D4D48 /* PBXTargetDependency */ = {
			isa = PBXTargetDependency;
			target = 653A254C283387FE005D4D48 /* Balance */;
			targetProxy = 653A255E28338800005D4D48 /* PBXContainerItemProxy */;
		};
		653A256928338800005D4D48 /* PBXTargetDependency */ = {
			isa = PBXTargetDependency;
			target = 653A254C283387FE005D4D48 /* Balance */;
			targetProxy = 653A256828338800005D4D48 /* PBXContainerItemProxy */;
		};
/* End PBXTargetDependency section */

/* Begin XCBuildConfiguration section */
		653A256F28338800005D4D48 /* Debug */ = {
			isa = XCBuildConfiguration;
			buildSettings = {
				ALWAYS_SEARCH_USER_PATHS = NO;
				CLANG_ANALYZER_NONNULL = YES;
				CLANG_ANALYZER_NUMBER_OBJECT_CONVERSION = YES_AGGRESSIVE;
				CLANG_CXX_LANGUAGE_STANDARD = "gnu++17";
				CLANG_ENABLE_MODULES = YES;
				CLANG_ENABLE_OBJC_ARC = YES;
				CLANG_ENABLE_OBJC_WEAK = YES;
				CLANG_WARN_BLOCK_CAPTURE_AUTORELEASING = YES;
				CLANG_WARN_BOOL_CONVERSION = YES;
				CLANG_WARN_COMMA = YES;
				CLANG_WARN_CONSTANT_CONVERSION = YES;
				CLANG_WARN_DEPRECATED_OBJC_IMPLEMENTATIONS = YES;
				CLANG_WARN_DIRECT_OBJC_ISA_USAGE = YES_ERROR;
				CLANG_WARN_DOCUMENTATION_COMMENTS = YES;
				CLANG_WARN_EMPTY_BODY = YES;
				CLANG_WARN_ENUM_CONVERSION = YES;
				CLANG_WARN_INFINITE_RECURSION = YES;
				CLANG_WARN_INT_CONVERSION = YES;
				CLANG_WARN_NON_LITERAL_NULL_CONVERSION = YES;
				CLANG_WARN_OBJC_IMPLICIT_RETAIN_SELF = YES;
				CLANG_WARN_OBJC_LITERAL_CONVERSION = YES;
				CLANG_WARN_OBJC_ROOT_CLASS = YES_ERROR;
				CLANG_WARN_QUOTED_INCLUDE_IN_FRAMEWORK_HEADER = YES;
				CLANG_WARN_RANGE_LOOP_ANALYSIS = YES;
				CLANG_WARN_STRICT_PROTOTYPES = YES;
				CLANG_WARN_SUSPICIOUS_MOVE = YES;
				CLANG_WARN_UNGUARDED_AVAILABILITY = YES_AGGRESSIVE;
				CLANG_WARN_UNREACHABLE_CODE = YES;
				CLANG_WARN__DUPLICATE_METHOD_MATCH = YES;
				COPY_PHASE_STRIP = NO;
				DEBUG_INFORMATION_FORMAT = dwarf;
				ENABLE_STRICT_OBJC_MSGSEND = YES;
				ENABLE_TESTABILITY = YES;
				GCC_C_LANGUAGE_STANDARD = gnu11;
				GCC_DYNAMIC_NO_PIC = NO;
				GCC_NO_COMMON_BLOCKS = YES;
				GCC_OPTIMIZATION_LEVEL = 0;
				GCC_PREPROCESSOR_DEFINITIONS = (
					"DEBUG=1",
					"$(inherited)",
				);
				GCC_WARN_64_TO_32_BIT_CONVERSION = YES;
				GCC_WARN_ABOUT_RETURN_TYPE = YES_ERROR;
				GCC_WARN_UNDECLARED_SELECTOR = YES;
				GCC_WARN_UNINITIALIZED_AUTOS = YES_AGGRESSIVE;
				GCC_WARN_UNUSED_FUNCTION = YES;
				GCC_WARN_UNUSED_VARIABLE = YES;
				IPHONEOS_DEPLOYMENT_TARGET = 16.2;
				MTL_ENABLE_DEBUG_INFO = INCLUDE_SOURCE;
				MTL_FAST_MATH = YES;
				ONLY_ACTIVE_ARCH = YES;
				SDKROOT = iphoneos;
				SWIFT_ACTIVE_COMPILATION_CONDITIONS = DEBUG;
				SWIFT_OPTIMIZATION_LEVEL = "-Onone";
			};
			name = Debug;
		};
		653A257028338800005D4D48 /* Release */ = {
			isa = XCBuildConfiguration;
			buildSettings = {
				ALWAYS_SEARCH_USER_PATHS = NO;
				CLANG_ANALYZER_NONNULL = YES;
				CLANG_ANALYZER_NUMBER_OBJECT_CONVERSION = YES_AGGRESSIVE;
				CLANG_CXX_LANGUAGE_STANDARD = "gnu++17";
				CLANG_ENABLE_MODULES = YES;
				CLANG_ENABLE_OBJC_ARC = YES;
				CLANG_ENABLE_OBJC_WEAK = YES;
				CLANG_WARN_BLOCK_CAPTURE_AUTORELEASING = YES;
				CLANG_WARN_BOOL_CONVERSION = YES;
				CLANG_WARN_COMMA = YES;
				CLANG_WARN_CONSTANT_CONVERSION = YES;
				CLANG_WARN_DEPRECATED_OBJC_IMPLEMENTATIONS = YES;
				CLANG_WARN_DIRECT_OBJC_ISA_USAGE = YES_ERROR;
				CLANG_WARN_DOCUMENTATION_COMMENTS = YES;
				CLANG_WARN_EMPTY_BODY = YES;
				CLANG_WARN_ENUM_CONVERSION = YES;
				CLANG_WARN_INFINITE_RECURSION = YES;
				CLANG_WARN_INT_CONVERSION = YES;
				CLANG_WARN_NON_LITERAL_NULL_CONVERSION = YES;
				CLANG_WARN_OBJC_IMPLICIT_RETAIN_SELF = YES;
				CLANG_WARN_OBJC_LITERAL_CONVERSION = YES;
				CLANG_WARN_OBJC_ROOT_CLASS = YES_ERROR;
				CLANG_WARN_QUOTED_INCLUDE_IN_FRAMEWORK_HEADER = YES;
				CLANG_WARN_RANGE_LOOP_ANALYSIS = YES;
				CLANG_WARN_STRICT_PROTOTYPES = YES;
				CLANG_WARN_SUSPICIOUS_MOVE = YES;
				CLANG_WARN_UNGUARDED_AVAILABILITY = YES_AGGRESSIVE;
				CLANG_WARN_UNREACHABLE_CODE = YES;
				CLANG_WARN__DUPLICATE_METHOD_MATCH = YES;
				COPY_PHASE_STRIP = NO;
				DEBUG_INFORMATION_FORMAT = "dwarf-with-dsym";
				ENABLE_NS_ASSERTIONS = NO;
				ENABLE_STRICT_OBJC_MSGSEND = YES;
				GCC_C_LANGUAGE_STANDARD = gnu11;
				GCC_NO_COMMON_BLOCKS = YES;
				GCC_WARN_64_TO_32_BIT_CONVERSION = YES;
				GCC_WARN_ABOUT_RETURN_TYPE = YES_ERROR;
				GCC_WARN_UNDECLARED_SELECTOR = YES;
				GCC_WARN_UNINITIALIZED_AUTOS = YES_AGGRESSIVE;
				GCC_WARN_UNUSED_FUNCTION = YES;
				GCC_WARN_UNUSED_VARIABLE = YES;
				IPHONEOS_DEPLOYMENT_TARGET = 16.2;
				MTL_ENABLE_DEBUG_INFO = NO;
				MTL_FAST_MATH = YES;
				SDKROOT = iphoneos;
				SWIFT_COMPILATION_MODE = wholemodule;
				SWIFT_OPTIMIZATION_LEVEL = "-O";
				VALIDATE_PRODUCT = YES;
			};
			name = Release;
		};
		653A257228338800005D4D48 /* Debug */ = {
			isa = XCBuildConfiguration;
			buildSettings = {
				ASSETCATALOG_COMPILER_APPICON_NAME = AppIcon;
				ASSETCATALOG_COMPILER_GLOBAL_ACCENT_COLOR_NAME = AccentColor;
				CLANG_ENABLE_MODULES = YES;
				CODE_SIGN_ENTITLEMENTS = Balance/BalanceDebug.entitlements;
				CODE_SIGN_IDENTITY = "Apple Development";
				CODE_SIGN_STYLE = Automatic;
				CURRENT_PROJECT_VERSION = 1;
				DEVELOPMENT_ASSET_PATHS = "";
				DEVELOPMENT_TEAM = ZJZGU3H9BZ;
				ENABLE_PREVIEWS = YES;
				FRAMEWORK_SEARCH_PATHS = (
					"$(inherited)",
					"$(PROJECT_DIR)/Balance/Supporting\\ Files",
					"$(PROJECT_DIR)/Balance",
				);
				GENERATE_INFOPLIST_FILE = YES;
				INFOPLIST_FILE = "Balance/Supporting Files/Info.plist";
				INFOPLIST_KEY_CFBundleDisplayName = Balance;
				INFOPLIST_KEY_NSCameraUsageDescription = "This message should never appear. Please adjust this when you start using camera information. We have to put this in here as ResearchKit has the possibility to use it and not putting it here returns an error on AppStore Connect.";
				INFOPLIST_KEY_NSHealthShareUsageDescription = "The CS342 2023 Balance Team Application uses the step count to demonstrate CardinalKit's integration with HealthKit.";
				INFOPLIST_KEY_NSHealthUpdateUsageDescription = "The CS342 2023 Balance Team Application uses the step count to demonstrate CardinalKit's integration with HealthKit.";
				INFOPLIST_KEY_NSLocationAlwaysAndWhenInUseUsageDescription = "This message should never appear. Please adjust this when you start using location information. We have to put this in here as ResearchKit has the possibility to use it and not putting it here returns an error on AppStore Connect.";
				INFOPLIST_KEY_NSLocationWhenInUseUsageDescription = "This message should never appear. Please adjust this when you start using location information. We have to put this in here as ResearchKit has the possibility to use it and not putting it here returns an error on AppStore Connect.";
				INFOPLIST_KEY_NSMicrophoneUsageDescription = "This message should never appear. Please adjust this when you start using microphone information. We have to put this in here as ResearchKit has the possibility to use it and not putting it here returns an error on AppStore Connect.";
				INFOPLIST_KEY_NSMotionUsageDescription = "This message should never appear. Please adjust this when you start using motion information. We have to put this in here as ResearchKit has the possibility to use it and not putting it here returns an error on AppStore Connect.";
				INFOPLIST_KEY_NSSpeechRecognitionUsageDescription = "This message should never appear. Please adjust this when you start using speecg information. We have to put this in here as ResearchKit has the possibility to use it and not putting it here returns an error on AppStore Connect.";
				INFOPLIST_KEY_UILaunchScreen_Generation = YES;
				INFOPLIST_KEY_UISupportedInterfaceOrientations = UIInterfaceOrientationPortrait;
				INFOPLIST_KEY_UISupportedInterfaceOrientations_iPad = "UIInterfaceOrientationLandscapeLeft UIInterfaceOrientationLandscapeRight UIInterfaceOrientationPortrait UIInterfaceOrientationPortraitUpsideDown";
				INFOPLIST_KEY_UITemplateApplicationlicationSceneManifest_Generation = YES;
				INFOPLIST_KEY_UITemplateApplicationlicationSupportsIndirectInputEvents = YES;
				IPHONEOS_DEPLOYMENT_TARGET = 16.2;
				LD_RUNPATH_SEARCH_PATHS = (
					"$(inherited)",
					"@executable_path/Frameworks",
				);
				MARKETING_VERSION = 1.0;
				OTHER_LDFLAGS = "-ObjC";
				PRODUCT_BUNDLE_IDENTIFIER = adam.cs342.2023.balance;
				PRODUCT_NAME = "$(TARGET_NAME)";
				PROVISIONING_PROFILE_SPECIFIER = "";
				SUPPORTED_PLATFORMS = "iphoneos iphonesimulator";
				SUPPORTS_MACCATALYST = NO;
				SUPPORTS_MAC_DESIGNED_FOR_IPHONE_IPAD = NO;
				"SWIFT_ELicenseRef-TemplateApplication_LOC_STRINGS" = YES;
				SWIFT_OBJC_BRIDGING_HEADER = "Balance/Balance-Bridging-Header.h";
				SWIFT_OPTIMIZATION_LEVEL = "-Onone";
				SWIFT_VERSION = 5.0;
				TARGETED_DEVICE_FAMILY = 1;
			};
			name = Debug;
		};
		653A257328338800005D4D48 /* Release */ = {
			isa = XCBuildConfiguration;
			buildSettings = {
				ASSETCATALOG_COMPILER_APPICON_NAME = AppIcon;
				ASSETCATALOG_COMPILER_GLOBAL_ACCENT_COLOR_NAME = AccentColor;
				CLANG_ENABLE_MODULES = YES;
				CODE_SIGN_ENTITLEMENTS = "Balance/Supporting Files/Balance.entitlements";
				"CODE_SIGN_IDENTITY[sdk=iphoneos*]" = "iPhone Distribution";
				CODE_SIGN_STYLE = Manual;
				CURRENT_PROJECT_VERSION = 1;
				DEVELOPMENT_ASSET_PATHS = "";
				DEVELOPMENT_TEAM = "";
				"DEVELOPMENT_TEAM[sdk=iphoneos*]" = 637867499T;
				ENABLE_PREVIEWS = YES;
				FRAMEWORK_SEARCH_PATHS = (
					"$(inherited)",
					"$(PROJECT_DIR)/Balance/Supporting\\ Files",
					"$(PROJECT_DIR)/Balance",
				);
				GENERATE_INFOPLIST_FILE = YES;
				INFOPLIST_FILE = "Balance/Supporting Files/Info.plist";
				INFOPLIST_KEY_CFBundleDisplayName = Balance;
				INFOPLIST_KEY_NSCameraUsageDescription = "This message should never appear. Please adjust this when you start using camera information. We have to put this in here as ResearchKit has the possibility to use it and not putting it here returns an error on AppStore Connect.";
				INFOPLIST_KEY_NSHealthShareUsageDescription = "The CS342 2023 Balance Team Application uses the step count to demonstrate CardinalKit's integration with HealthKit.";
				INFOPLIST_KEY_NSHealthUpdateUsageDescription = "The CS342 2023 Balance Team Application uses the step count to demonstrate CardinalKit's integration with HealthKit.";
				INFOPLIST_KEY_NSLocationAlwaysAndWhenInUseUsageDescription = "This message should never appear. Please adjust this when you start using location information. We have to put this in here as ResearchKit has the possibility to use it and not putting it here returns an error on AppStore Connect.";
				INFOPLIST_KEY_NSLocationWhenInUseUsageDescription = "This message should never appear. Please adjust this when you start using location information. We have to put this in here as ResearchKit has the possibility to use it and not putting it here returns an error on AppStore Connect.";
				INFOPLIST_KEY_NSMicrophoneUsageDescription = "This message should never appear. Please adjust this when you start using microphone information. We have to put this in here as ResearchKit has the possibility to use it and not putting it here returns an error on AppStore Connect.";
				INFOPLIST_KEY_NSMotionUsageDescription = "This message should never appear. Please adjust this when you start using motion information. We have to put this in here as ResearchKit has the possibility to use it and not putting it here returns an error on AppStore Connect.";
				INFOPLIST_KEY_NSSpeechRecognitionUsageDescription = "This message should never appear. Please adjust this when you start using speecg information. We have to put this in here as ResearchKit has the possibility to use it and not putting it here returns an error on AppStore Connect.";
				INFOPLIST_KEY_UILaunchScreen_Generation = YES;
				INFOPLIST_KEY_UISupportedInterfaceOrientations = UIInterfaceOrientationPortrait;
				INFOPLIST_KEY_UISupportedInterfaceOrientations_iPad = "UIInterfaceOrientationLandscapeLeft UIInterfaceOrientationLandscapeRight UIInterfaceOrientationPortrait UIInterfaceOrientationPortraitUpsideDown";
				INFOPLIST_KEY_UITemplateApplicationlicationSceneManifest_Generation = YES;
				INFOPLIST_KEY_UITemplateApplicationlicationSupportsIndirectInputEvents = YES;
				IPHONEOS_DEPLOYMENT_TARGET = 16.2;
				LD_RUNPATH_SEARCH_PATHS = (
					"$(inherited)",
					"@executable_path/Frameworks",
				);
				MARKETING_VERSION = 1.0;
				OTHER_LDFLAGS = "-ObjC";
				PRODUCT_BUNDLE_IDENTIFIER = edu.stanford.cs342.2023.balance;
				PRODUCT_NAME = "$(TARGET_NAME)";
				PROVISIONING_PROFILE_SPECIFIER = "";
				"PROVISIONING_PROFILE_SPECIFIER[sdk=iphoneos*]" = "CS342 2023 Balance Team Application";
				SUPPORTED_PLATFORMS = "iphoneos iphonesimulator";
				SUPPORTS_MACCATALYST = NO;
				SUPPORTS_MAC_DESIGNED_FOR_IPHONE_IPAD = NO;
				"SWIFT_ELicenseRef-TemplateApplication_LOC_STRINGS" = YES;
				SWIFT_OBJC_BRIDGING_HEADER = "Balance/Balance-Bridging-Header.h";
				SWIFT_VERSION = 5.0;
				TARGETED_DEVICE_FAMILY = 1;
			};
			name = Release;
		};
		653A257528338800005D4D48 /* Debug */ = {
			isa = XCBuildConfiguration;
			buildSettings = {
				ALWAYS_EMBED_SWIFT_STANDARD_LIBRARIES = YES;
				BUNDLE_LOADER = "$(TEST_HOST)";
				CODE_SIGN_STYLE = Automatic;
				CURRENT_PROJECT_VERSION = 1;
				DEVELOPMENT_TEAM = 637867499T;
				GENERATE_INFOPLIST_FILE = YES;
				IPHONEOS_DEPLOYMENT_TARGET = 16.2;
				MARKETING_VERSION = 1.0;
				PRODUCT_BUNDLE_IDENTIFIER = edu.stanford.cs342.2023.balance.tests;
				PRODUCT_NAME = "$(TARGET_NAME)";
				"SWIFT_ELicenseRef-TemplateApplication_LOC_STRINGS" = NO;
				SWIFT_VERSION = 5.0;
				TARGETED_DEVICE_FAMILY = "1,2";
				TEST_HOST = "$(BUILT_PRODUCTS_DIR)/Balance.app/Balance";
			};
			name = Debug;
		};
		653A257628338800005D4D48 /* Release */ = {
			isa = XCBuildConfiguration;
			buildSettings = {
				ALWAYS_EMBED_SWIFT_STANDARD_LIBRARIES = YES;
				BUNDLE_LOADER = "$(TEST_HOST)";
				CODE_SIGN_STYLE = Automatic;
				CURRENT_PROJECT_VERSION = 1;
				DEVELOPMENT_TEAM = 637867499T;
				GENERATE_INFOPLIST_FILE = YES;
				IPHONEOS_DEPLOYMENT_TARGET = 16.2;
				MARKETING_VERSION = 1.0;
				PRODUCT_BUNDLE_IDENTIFIER = edu.stanford.cs342.2023.balance.tests;
				PRODUCT_NAME = "$(TARGET_NAME)";
				"SWIFT_ELicenseRef-TemplateApplication_LOC_STRINGS" = NO;
				SWIFT_VERSION = 5.0;
				TARGETED_DEVICE_FAMILY = "1,2";
				TEST_HOST = "$(BUILT_PRODUCTS_DIR)/Balance.app/Balance";
			};
			name = Release;
		};
		653A257828338800005D4D48 /* Debug */ = {
			isa = XCBuildConfiguration;
			buildSettings = {
				ALWAYS_EMBED_SWIFT_STANDARD_LIBRARIES = YES;
				CODE_SIGN_STYLE = Automatic;
				CURRENT_PROJECT_VERSION = 1;
				DEVELOPMENT_TEAM = 637867499T;
				GENERATE_INFOPLIST_FILE = YES;
				IPHONEOS_DEPLOYMENT_TARGET = 16.2;
				MARKETING_VERSION = 1.0;
				PRODUCT_BUNDLE_IDENTIFIER = edu.stanford.cs342.2023.balance.uitests;
				PRODUCT_NAME = "$(TARGET_NAME)";
				"SWIFT_ELicenseRef-TemplateApplication_LOC_STRINGS" = NO;
				SWIFT_VERSION = 5.0;
				TARGETED_DEVICE_FAMILY = "1,2";
				TEST_TARGET_NAME = Balance;
			};
			name = Debug;
		};
		653A257928338800005D4D48 /* Release */ = {
			isa = XCBuildConfiguration;
			buildSettings = {
				ALWAYS_EMBED_SWIFT_STANDARD_LIBRARIES = YES;
				CODE_SIGN_STYLE = Automatic;
				CURRENT_PROJECT_VERSION = 1;
				DEVELOPMENT_TEAM = 637867499T;
				GENERATE_INFOPLIST_FILE = YES;
				IPHONEOS_DEPLOYMENT_TARGET = 16.2;
				MARKETING_VERSION = 1.0;
				PRODUCT_BUNDLE_IDENTIFIER = edu.stanford.cs342.2023.balance.uitests;
				PRODUCT_NAME = "$(TARGET_NAME)";
				"SWIFT_ELicenseRef-TemplateApplication_LOC_STRINGS" = NO;
				SWIFT_VERSION = 5.0;
				TARGETED_DEVICE_FAMILY = "1,2";
				TEST_TARGET_NAME = Balance;
			};
			name = Release;
		};
/* End XCBuildConfiguration section */

/* Begin XCConfigurationList section */
		653A2548283387FE005D4D48 /* Build configuration list for PBXProject "Balance" */ = {
			isa = XCConfigurationList;
			buildConfigurations = (
				653A256F28338800005D4D48 /* Debug */,
				653A257028338800005D4D48 /* Release */,
			);
			defaultConfigurationIsVisible = 0;
			defaultConfigurationName = Release;
		};
		653A257128338800005D4D48 /* Build configuration list for PBXNativeTarget "Balance" */ = {
			isa = XCConfigurationList;
			buildConfigurations = (
				653A257228338800005D4D48 /* Debug */,
				653A257328338800005D4D48 /* Release */,
			);
			defaultConfigurationIsVisible = 0;
			defaultConfigurationName = Release;
		};
		653A257428338800005D4D48 /* Build configuration list for PBXNativeTarget "BalanceTests" */ = {
			isa = XCConfigurationList;
			buildConfigurations = (
				653A257528338800005D4D48 /* Debug */,
				653A257628338800005D4D48 /* Release */,
			);
			defaultConfigurationIsVisible = 0;
			defaultConfigurationName = Release;
		};
		653A257728338800005D4D48 /* Build configuration list for PBXNativeTarget "BalanceUITests" */ = {
			isa = XCConfigurationList;
			buildConfigurations = (
				653A257828338800005D4D48 /* Debug */,
				653A257928338800005D4D48 /* Release */,
			);
			defaultConfigurationIsVisible = 0;
			defaultConfigurationName = Release;
		};
/* End XCConfigurationList section */

/* Begin XCRemoteSwiftPackageReference section */
		2761584729A6512E006C7AC1 /* XCRemoteSwiftPackageReference "ios-sdk" */ = {
			isa = XCRemoteSwiftPackageReference;
			repositoryURL = "https://github.com/spotify/ios-sdk.git";
			requirement = {
				branch = master;
				kind = branch;
			};
		};
		2F39333529A8A5690035A05C /* XCRemoteSwiftPackageReference "firebase-ios-sdk" */ = {
			isa = XCRemoteSwiftPackageReference;
			repositoryURL = "https://github.com/firebase/firebase-ios-sdk.git";
			requirement = {
				kind = upToNextMajorVersion;
				minimumVersion = 10.5.0;
			};
		};
		2F49B7742980407B00BCB272 /* XCRemoteSwiftPackageReference "CardinalKit" */ = {
			isa = XCRemoteSwiftPackageReference;
			repositoryURL = "https://github.com/StanfordBDHG/CardinalKit";
			requirement = {
				kind = upToNextMinorVersion;
				minimumVersion = 0.3.1;
			};
		};
		2F9056F6299E3267003D3802 /* XCRemoteSwiftPackageReference "XCTHealthKit" */ = {
			isa = XCRemoteSwiftPackageReference;
			repositoryURL = "https://github.com/StanfordBDHG/XCTHealthKit";
			requirement = {
				kind = upToNextMinorVersion;
				minimumVersion = 0.3.1;
			};
		};
		2F9056F9299E329C003D3802 /* XCRemoteSwiftPackageReference "XCTestExtensions" */ = {
			isa = XCRemoteSwiftPackageReference;
			repositoryURL = "https://github.com/StanfordBDHG/XCTestExtensions";
			requirement = {
				kind = upToNextMinorVersion;
				minimumVersion = 0.3.0;
			};
		};
/* End XCRemoteSwiftPackageReference section */

/* Begin XCSwiftPackageProductDependency section */
		2761584829A6512E006C7AC1 /* SpotifyiOS */ = {
			isa = XCSwiftPackageProductDependency;
			package = 2761584729A6512E006C7AC1 /* XCRemoteSwiftPackageReference "ios-sdk" */;
			productName = SpotifyiOS;
		};
		2F39333629A8A5690035A05C /* FirebaseFirestore */ = {
			isa = XCSwiftPackageProductDependency;
			package = 2F39333529A8A5690035A05C /* XCRemoteSwiftPackageReference "firebase-ios-sdk" */;
			productName = FirebaseFirestore;
		};
		2F49B7752980407B00BCB272 /* CardinalKit */ = {
			isa = XCSwiftPackageProductDependency;
			package = 2F49B7742980407B00BCB272 /* XCRemoteSwiftPackageReference "CardinalKit" */;
			productName = CardinalKit;
		};
		2F49B7772980407C00BCB272 /* FHIR */ = {
			isa = XCSwiftPackageProductDependency;
			package = 2F49B7742980407B00BCB272 /* XCRemoteSwiftPackageReference "CardinalKit" */;
			productName = FHIR;
		};
		2F49B7792980407C00BCB272 /* HealthKitDataSource */ = {
			isa = XCSwiftPackageProductDependency;
			package = 2F49B7742980407B00BCB272 /* XCRemoteSwiftPackageReference "CardinalKit" */;
			productName = HealthKitDataSource;
		};
		2F49B77B2980407C00BCB272 /* HealthKitToFHIRAdapter */ = {
			isa = XCSwiftPackageProductDependency;
			package = 2F49B7742980407B00BCB272 /* XCRemoteSwiftPackageReference "CardinalKit" */;
			productName = HealthKitToFHIRAdapter;
		};
		2F49B77D2980407C00BCB272 /* Scheduler */ = {
			isa = XCSwiftPackageProductDependency;
			package = 2F49B7742980407B00BCB272 /* XCRemoteSwiftPackageReference "CardinalKit" */;
			productName = Scheduler;
		};
		2F49B77F2980418400BCB272 /* Onboarding */ = {
			isa = XCSwiftPackageProductDependency;
			package = 2F49B7742980407B00BCB272 /* XCRemoteSwiftPackageReference "CardinalKit" */;
			productName = Onboarding;
		};
		2F49B7812980419C00BCB272 /* Questionnaires */ = {
			isa = XCSwiftPackageProductDependency;
			package = 2F49B7742980407B00BCB272 /* XCRemoteSwiftPackageReference "CardinalKit" */;
			productName = Questionnaires;
		};
		2F49B783298041F300BCB272 /* Contact */ = {
			isa = XCSwiftPackageProductDependency;
			package = 2F49B7742980407B00BCB272 /* XCRemoteSwiftPackageReference "CardinalKit" */;
			productName = Contact;
		};
		2F59B93C298C628800C5107F /* BalanceContacts */ = {
			isa = XCSwiftPackageProductDependency;
			productName = BalanceContacts;
		};
		2F59B93E298C628800C5107F /* BalanceMockDataStorageProvider */ = {
			isa = XCSwiftPackageProductDependency;
			productName = BalanceMockDataStorageProvider;
		};
		2F59B940298C628800C5107F /* BalanceOnboardingFlow */ = {
			isa = XCSwiftPackageProductDependency;
			productName = BalanceOnboardingFlow;
		};
		2F59B942298C628800C5107F /* BalanceSchedule */ = {
			isa = XCSwiftPackageProductDependency;
			productName = BalanceSchedule;
		};
		2F59B944298C628800C5107F /* BalanceSharedContext */ = {
			isa = XCSwiftPackageProductDependency;
			productName = BalanceSharedContext;
		};
		2F9056EE299E3180003D3802 /* FirebaseAccount */ = {
			isa = XCSwiftPackageProductDependency;
			package = 2F49B7742980407B00BCB272 /* XCRemoteSwiftPackageReference "CardinalKit" */;
			productName = FirebaseAccount;
		};
		2F9056F0299E3181003D3802 /* FirestoreDataStorage */ = {
			isa = XCSwiftPackageProductDependency;
			package = 2F49B7742980407B00BCB272 /* XCRemoteSwiftPackageReference "CardinalKit" */;
			productName = FirestoreDataStorage;
		};
		2F9056F2299E3181003D3802 /* FirestoreStoragePrefixUserIdAdapter */ = {
			isa = XCSwiftPackageProductDependency;
			package = 2F49B7742980407B00BCB272 /* XCRemoteSwiftPackageReference "CardinalKit" */;
			productName = FirestoreStoragePrefixUserIdAdapter;
		};
		2F9056F4299E3205003D3802 /* FHIRToFirestoreAdapter */ = {
			isa = XCSwiftPackageProductDependency;
			package = 2F49B7742980407B00BCB272 /* XCRemoteSwiftPackageReference "CardinalKit" */;
			productName = FHIRToFirestoreAdapter;
		};
		2F9056F7299E3267003D3802 /* XCTHealthKit */ = {
			isa = XCSwiftPackageProductDependency;
			package = 2F9056F6299E3267003D3802 /* XCRemoteSwiftPackageReference "XCTHealthKit" */;
			productName = XCTHealthKit;
		};
		2F9056FA299E329C003D3802 /* XCTestExtensions */ = {
			isa = XCSwiftPackageProductDependency;
			package = 2F9056F9299E329C003D3802 /* XCRemoteSwiftPackageReference "XCTestExtensions" */;
			productName = XCTestExtensions;
		};
		5AAFCE1929A75990006CCD66 /* LocalStorage */ = {
			isa = XCSwiftPackageProductDependency;
			package = 2F49B7742980407B00BCB272 /* XCRemoteSwiftPackageReference "CardinalKit" */;
			productName = LocalStorage;
		};
/* End XCSwiftPackageProductDependency section */
	};
	rootObject = 653A2545283387FE005D4D48 /* Project object */;
}
